
Microsoft Visual Studio Solution File, Format Version 12.00
# Visual Studio Version 17
VisualStudioVersion = 17.5.002.0
MinimumVisualStudioVersion = 10.0.40219.1
Project("{9A19103F-16F7-4668-BE54-9A1E7A4F7556}") = "DesafioPOO", "DesafioPOO.csproj", "{08C2AE99-915E-4C4D-A295-13B89D1FFC29}"
EndProject
Global
	GlobalSection(SolutionConfigurationPlatforms) = preSolution
		Debug|Any CPU = Debug|Any CPU
		Release|Any CPU = Release|Any CPU
	EndGlobalSection
	GlobalSection(ProjectConfigurationPlatforms) = postSolution
		{08C2AE99-915E-4C4D-A295-13B89D1FFC29}.Debug|Any CPU.ActiveCfg = Debug|Any CPU
		{08C2AE99-915E-4C4D-A295-13B89D1FFC29}.Debug|Any CPU.Build.0 = Debug|Any CPU
		{08C2AE99-915E-4C4D-A295-13B89D1FFC29}.Release|Any CPU.ActiveCfg = Release|Any CPU
		{08C2AE99-915E-4C4D-A295-13B89D1FFC29}.Release|Any CPU.Build.0 = Release|Any CPU
	EndGlobalSection
	GlobalSection(SolutionProperties) = preSolution
		HideSolutionNode = FALSE
	EndGlobalSection
	GlobalSection(ExtensibilityGlobals) = postSolution
		SolutionGuid = {08D1F4DE-49F3-4C61-AFFF-39C1D7863F91}
	EndGlobalSection
EndGlobal
